// !$*UTF8*$!
{
	archiveVersion = 1;
	classes = {
	};
	objectVersion = 56;
	objects = {

/* Begin PBXBuildFile section */
		5D0B3A742BED1AD1006B9503 /* APICaller.swift in Sources */ = {isa = PBXBuildFile; fileRef = 5D0B3A732BED1AD1006B9503 /* APICaller.swift */; };
		5D28F2A92BF2DD98003349C5 /* Title.swift in Sources */ = {isa = PBXBuildFile; fileRef = 5D28F2A82BF2DD98003349C5 /* Title.swift */; };
		5D28F2AB2BF2E98A003349C5 /* Extensions.swift in Sources */ = {isa = PBXBuildFile; fileRef = 5D28F2AA2BF2E98A003349C5 /* Extensions.swift */; };
		5D7DAB542BEA726500B1023A /* HeroHeaderUIView.swift in Sources */ = {isa = PBXBuildFile; fileRef = 5D7DAB532BEA726500B1023A /* HeroHeaderUIView.swift */; };
		5D80B9032BF4052F00F199CB /* TitleCollectionViewCell.swift in Sources */ = {isa = PBXBuildFile; fileRef = 5D80B9022BF4052F00F199CB /* TitleCollectionViewCell.swift */; };
		5D80B9062BF40DBC00F199CB /* SDWebImage in Frameworks */ = {isa = PBXBuildFile; productRef = 5D80B9052BF40DBC00F199CB /* SDWebImage */; };
		5D80B9082BF40DBC00F199CB /* SDWebImageMapKit in Frameworks */ = {isa = PBXBuildFile; productRef = 5D80B9072BF40DBC00F199CB /* SDWebImageMapKit */; };
		5DC643832BE6B24900381456 /* CollectionViewTableViewCell.swift in Sources */ = {isa = PBXBuildFile; fileRef = 5DC643822BE6B24900381456 /* CollectionViewTableViewCell.swift */; };
		5DD6CD8A2A819C9A008E09BE /* AppDelegate.swift in Sources */ = {isa = PBXBuildFile; fileRef = 5DD6CD892A819C9A008E09BE /* AppDelegate.swift */; };
		5DD6CD8C2A819C9A008E09BE /* SceneDelegate.swift in Sources */ = {isa = PBXBuildFile; fileRef = 5DD6CD8B2A819C9A008E09BE /* SceneDelegate.swift */; };
		5DD6CD8E2A819C9A008E09BE /* MainTabBarViewController.swift in Sources */ = {isa = PBXBuildFile; fileRef = 5DD6CD8D2A819C9A008E09BE /* MainTabBarViewController.swift */; };
		5DD6CD932A819C9B008E09BE /* Assets.xcassets in Resources */ = {isa = PBXBuildFile; fileRef = 5DD6CD922A819C9B008E09BE /* Assets.xcassets */; };
		5DD6CD962A819C9B008E09BE /* LaunchScreen.storyboard in Resources */ = {isa = PBXBuildFile; fileRef = 5DD6CD942A819C9B008E09BE /* LaunchScreen.storyboard */; };
		5DECAAEC2A81A2A600BFA85F /* HomeViewController.swift in Sources */ = {isa = PBXBuildFile; fileRef = 5DECAAEB2A81A2A600BFA85F /* HomeViewController.swift */; };
		5DECAAEE2A81A2D500BFA85F /* UpcomingViewController.swift in Sources */ = {isa = PBXBuildFile; fileRef = 5DECAAED2A81A2D500BFA85F /* UpcomingViewController.swift */; };
		5DECAAF02A81A2F300BFA85F /* SearchViewController.swift in Sources */ = {isa = PBXBuildFile; fileRef = 5DECAAEF2A81A2F300BFA85F /* SearchViewController.swift */; };
		5DECAAF22A81A31500BFA85F /* DownloadsViewController.swift in Sources */ = {isa = PBXBuildFile; fileRef = 5DECAAF12A81A31500BFA85F /* DownloadsViewController.swift */; };
/* End PBXBuildFile section */

/* Begin PBXFileReference section */
		5D0B3A732BED1AD1006B9503 /* APICaller.swift */ = {isa = PBXFileReference; lastKnownFileType = sourcecode.swift; path = APICaller.swift; sourceTree = "<group>"; };
		5D28F2A82BF2DD98003349C5 /* Title.swift */ = {isa = PBXFileReference; lastKnownFileType = sourcecode.swift; path = Title.swift; sourceTree = "<group>"; };
		5D28F2AA2BF2E98A003349C5 /* Extensions.swift */ = {isa = PBXFileReference; lastKnownFileType = sourcecode.swift; path = Extensions.swift; sourceTree = "<group>"; };
		5D7DAB532BEA726500B1023A /* HeroHeaderUIView.swift */ = {isa = PBXFileReference; lastKnownFileType = sourcecode.swift; path = HeroHeaderUIView.swift; sourceTree = "<group>"; };
		5D80B9022BF4052F00F199CB /* TitleCollectionViewCell.swift */ = {isa = PBXFileReference; lastKnownFileType = sourcecode.swift; path = TitleCollectionViewCell.swift; sourceTree = "<group>"; };
		5DC643822BE6B24900381456 /* CollectionViewTableViewCell.swift */ = {isa = PBXFileReference; lastKnownFileType = sourcecode.swift; path = CollectionViewTableViewCell.swift; sourceTree = "<group>"; };
		5DD6CD862A819C9A008E09BE /* Netflix Clone.app */ = {isa = PBXFileReference; explicitFileType = wrapper.application; includeInIndex = 0; path = "Netflix Clone.app"; sourceTree = BUILT_PRODUCTS_DIR; };
		5DD6CD892A819C9A008E09BE /* AppDelegate.swift */ = {isa = PBXFileReference; lastKnownFileType = sourcecode.swift; path = AppDelegate.swift; sourceTree = "<group>"; };
		5DD6CD8B2A819C9A008E09BE /* SceneDelegate.swift */ = {isa = PBXFileReference; lastKnownFileType = sourcecode.swift; path = SceneDelegate.swift; sourceTree = "<group>"; };
		5DD6CD8D2A819C9A008E09BE /* MainTabBarViewController.swift */ = {isa = PBXFileReference; lastKnownFileType = sourcecode.swift; path = MainTabBarViewController.swift; sourceTree = "<group>"; };
		5DD6CD922A819C9B008E09BE /* Assets.xcassets */ = {isa = PBXFileReference; lastKnownFileType = folder.assetcatalog; path = Assets.xcassets; sourceTree = "<group>"; };
		5DD6CD952A819C9B008E09BE /* Base */ = {isa = PBXFileReference; lastKnownFileType = file.storyboard; name = Base; path = Base.lproj/LaunchScreen.storyboard; sourceTree = "<group>"; };
		5DD6CD972A819C9B008E09BE /* Info.plist */ = {isa = PBXFileReference; lastKnownFileType = text.plist.xml; path = Info.plist; sourceTree = "<group>"; };
		5DECAAEB2A81A2A600BFA85F /* HomeViewController.swift */ = {isa = PBXFileReference; lastKnownFileType = sourcecode.swift; path = HomeViewController.swift; sourceTree = "<group>"; };
		5DECAAED2A81A2D500BFA85F /* UpcomingViewController.swift */ = {isa = PBXFileReference; lastKnownFileType = sourcecode.swift; path = UpcomingViewController.swift; sourceTree = "<group>"; };
		5DECAAEF2A81A2F300BFA85F /* SearchViewController.swift */ = {isa = PBXFileReference; lastKnownFileType = sourcecode.swift; path = SearchViewController.swift; sourceTree = "<group>"; };
		5DECAAF12A81A31500BFA85F /* DownloadsViewController.swift */ = {isa = PBXFileReference; lastKnownFileType = sourcecode.swift; path = DownloadsViewController.swift; sourceTree = "<group>"; };
/* End PBXFileReference section */

/* Begin PBXFrameworksBuildPhase section */
		5DD6CD832A819C9A008E09BE /* Frameworks */ = {
			isa = PBXFrameworksBuildPhase;
			buildActionMask = 2147483647;
			files = (
				5D80B9082BF40DBC00F199CB /* SDWebImageMapKit in Frameworks */,
				5D80B9062BF40DBC00F199CB /* SDWebImage in Frameworks */,
			);
			runOnlyForDeploymentPostprocessing = 0;
		};
/* End PBXFrameworksBuildPhase section */

/* Begin PBXGroup section */
		5D96848B2BADFAD10044BBED /* Views */ = {
			isa = PBXGroup;
			children = (
				5DC643822BE6B24900381456 /* CollectionViewTableViewCell.swift */,
				5D7DAB532BEA726500B1023A /* HeroHeaderUIView.swift */,
				5D80B9022BF4052F00F199CB /* TitleCollectionViewCell.swift */,
			);
			path = Views;
			sourceTree = "<group>";
		};
		5D96848C2BADFAD70044BBED /* ViewModels */ = {
			isa = PBXGroup;
			children = (
			);
			path = ViewModels;
			sourceTree = "<group>";
		};
		5D96848D2BADFAE30044BBED /* Models */ = {
			isa = PBXGroup;
			children = (
				5D28F2A82BF2DD98003349C5 /* Title.swift */,
			);
			path = Models;
			sourceTree = "<group>";
		};
		5D96848E2BADFB130044BBED /* Resources */ = {
			isa = PBXGroup;
			children = (
				5D28F2AA2BF2E98A003349C5 /* Extensions.swift */,
			);
			path = Resources;
			sourceTree = "<group>";
		};
		5D96848F2BADFB200044BBED /* Managers */ = {
			isa = PBXGroup;
			children = (
				5D0B3A732BED1AD1006B9503 /* APICaller.swift */,
			);
			path = Managers;
			sourceTree = "<group>";
		};
		5DD6CD7D2A819C9A008E09BE = {
			isa = PBXGroup;
			children = (
				5DD6CD882A819C9A008E09BE /* Netflix Clone */,
				5DD6CD872A819C9A008E09BE /* Products */,
			);
			sourceTree = "<group>";
		};
		5DD6CD872A819C9A008E09BE /* Products */ = {
			isa = PBXGroup;
			children = (
				5DD6CD862A819C9A008E09BE /* Netflix Clone.app */,
			);
			name = Products;
			sourceTree = "<group>";
		};
		5DD6CD882A819C9A008E09BE /* Netflix Clone */ = {
			isa = PBXGroup;
			children = (
				5D96848F2BADFB200044BBED /* Managers */,
				5D96848E2BADFB130044BBED /* Resources */,
				5D96848D2BADFAE30044BBED /* Models */,
				5D96848C2BADFAD70044BBED /* ViewModels */,
				5D96848B2BADFAD10044BBED /* Views */,
				5DECAAEA2A81A1E800BFA85F /* Controllers */,
				5DD6CD892A819C9A008E09BE /* AppDelegate.swift */,
				5DD6CD8B2A819C9A008E09BE /* SceneDelegate.swift */,
				5DD6CD8D2A819C9A008E09BE /* MainTabBarViewController.swift */,
				5DD6CD922A819C9B008E09BE /* Assets.xcassets */,
				5DD6CD942A819C9B008E09BE /* LaunchScreen.storyboard */,
				5DD6CD972A819C9B008E09BE /* Info.plist */,
			);
			path = "Netflix Clone";
			sourceTree = "<group>";
		};
		5DECAAEA2A81A1E800BFA85F /* Controllers */ = {
			isa = PBXGroup;
			children = (
				5DECAAEB2A81A2A600BFA85F /* HomeViewController.swift */,
				5DECAAEF2A81A2F300BFA85F /* SearchViewController.swift */,
				5DECAAED2A81A2D500BFA85F /* UpcomingViewController.swift */,
				5DECAAF12A81A31500BFA85F /* DownloadsViewController.swift */,
			);
			path = Controllers;
			sourceTree = "<group>";
		};
/* End PBXGroup section */

/* Begin PBXNativeTarget section */
		5DD6CD852A819C9A008E09BE /* Netflix Clone */ = {
			isa = PBXNativeTarget;
			buildConfigurationList = 5DD6CD9A2A819C9B008E09BE /* Build configuration list for PBXNativeTarget "Netflix Clone" */;
			buildPhases = (
				5DD6CD822A819C9A008E09BE /* Sources */,
				5DD6CD832A819C9A008E09BE /* Frameworks */,
				5DD6CD842A819C9A008E09BE /* Resources */,
			);
			buildRules = (
			);
			dependencies = (
			);
			name = "Netflix Clone";
			packageProductDependencies = (
				5D80B9052BF40DBC00F199CB /* SDWebImage */,
				5D80B9072BF40DBC00F199CB /* SDWebImageMapKit */,
			);
			productName = "Netflix Clone";
			productReference = 5DD6CD862A819C9A008E09BE /* Netflix Clone.app */;
			productType = "com.apple.product-type.application";
		};
/* End PBXNativeTarget section */

/* Begin PBXProject section */
		5DD6CD7E2A819C9A008E09BE /* Project object */ = {
			isa = PBXProject;
			attributes = {
				BuildIndependentTargetsInParallel = 1;
				LastSwiftUpdateCheck = 1430;
				LastUpgradeCheck = 1530;
				TargetAttributes = {
					5DD6CD852A819C9A008E09BE = {
						CreatedOnToolsVersion = 14.3.1;
					};
				};
			};
			buildConfigurationList = 5DD6CD812A819C9A008E09BE /* Build configuration list for PBXProject "Netflix Clone" */;
			compatibilityVersion = "Xcode 14.0";
			developmentRegion = en;
			hasScannedForEncodings = 0;
			knownRegions = (
				en,
				Base,
			);
			mainGroup = 5DD6CD7D2A819C9A008E09BE;
			packageReferences = (
				5D80B9042BF40DBC00F199CB /* XCRemoteSwiftPackageReference "SDWebImage" */,
			);
			productRefGroup = 5DD6CD872A819C9A008E09BE /* Products */;
			projectDirPath = "";
			projectRoot = "";
			targets = (
				5DD6CD852A819C9A008E09BE /* Netflix Clone */,
			);
		};
/* End PBXProject section */

/* Begin PBXResourcesBuildPhase section */
		5DD6CD842A819C9A008E09BE /* Resources */ = {
			isa = PBXResourcesBuildPhase;
			buildActionMask = 2147483647;
			files = (
				5DD6CD962A819C9B008E09BE /* LaunchScreen.storyboard in Resources */,
				5DD6CD932A819C9B008E09BE /* Assets.xcassets in Resources */,
			);
			runOnlyForDeploymentPostprocessing = 0;
		};
/* End PBXResourcesBuildPhase section */

/* Begin PBXSourcesBuildPhase section */
		5DD6CD822A819C9A008E09BE /* Sources */ = {
			isa = PBXSourcesBuildPhase;
			buildActionMask = 2147483647;
			files = (
				5DECAAF02A81A2F300BFA85F /* SearchViewController.swift in Sources */,
				5D80B9032BF4052F00F199CB /* TitleCollectionViewCell.swift in Sources */,
				5DD6CD8E2A819C9A008E09BE /* MainTabBarViewController.swift in Sources */,
				5DECAAF22A81A31500BFA85F /* DownloadsViewController.swift in Sources */,
				5D0B3A742BED1AD1006B9503 /* APICaller.swift in Sources */,
				5D7DAB542BEA726500B1023A /* HeroHeaderUIView.swift in Sources */,
				5DD6CD8A2A819C9A008E09BE /* AppDelegate.swift in Sources */,
				5DD6CD8C2A819C9A008E09BE /* SceneDelegate.swift in Sources */,
				5D28F2AB2BF2E98A003349C5 /* Extensions.swift in Sources */,
				5DC643832BE6B24900381456 /* CollectionViewTableViewCell.swift in Sources */,
				5DECAAEE2A81A2D500BFA85F /* UpcomingViewController.swift in Sources */,
				5D28F2A92BF2DD98003349C5 /* Title.swift in Sources */,
				5DECAAEC2A81A2A600BFA85F /* HomeViewController.swift in Sources */,
			);
			runOnlyForDeploymentPostprocessing = 0;
		};
/* End PBXSourcesBuildPhase section */

/* Begin PBXVariantGroup section */
		5DD6CD942A819C9B008E09BE /* LaunchScreen.storyboard */ = {
			isa = PBXVariantGroup;
			children = (
				5DD6CD952A819C9B008E09BE /* Base */,
			);
			name = LaunchScreen.storyboard;
			sourceTree = "<group>";
		};
/* End PBXVariantGroup section */

/* Begin XCBuildConfiguration section */
		5DD6CD982A819C9B008E09BE /* Debug */ = {
			isa = XCBuildConfiguration;
			buildSettings = {
				ALWAYS_SEARCH_USER_PATHS = NO;
				CLANG_ANALYZER_NONNULL = YES;
				CLANG_ANALYZER_NUMBER_OBJECT_CONVERSION = YES_AGGRESSIVE;
				CLANG_CXX_LANGUAGE_STANDARD = "gnu++20";
				CLANG_ENABLE_MODULES = YES;
				CLANG_ENABLE_OBJC_ARC = YES;
				CLANG_ENABLE_OBJC_WEAK = YES;
				CLANG_WARN_BLOCK_CAPTURE_AUTORELEASING = YES;
				CLANG_WARN_BOOL_CONVERSION = YES;
				CLANG_WARN_COMMA = YES;
				CLANG_WARN_CONSTANT_CONVERSION = YES;
				CLANG_WARN_DEPRECATED_OBJC_IMPLEMENTATIONS = YES;
				CLANG_WARN_DIRECT_OBJC_ISA_USAGE = YES_ERROR;
				CLANG_WARN_DOCUMENTATION_COMMENTS = YES;
				CLANG_WARN_EMPTY_BODY = YES;
				CLANG_WARN_ENUM_CONVERSION = YES;
				CLANG_WARN_INFINITE_RECURSION = YES;
				CLANG_WARN_INT_CONVERSION = YES;
				CLANG_WARN_NON_LITERAL_NULL_CONVERSION = YES;
				CLANG_WARN_OBJC_IMPLICIT_RETAIN_SELF = YES;
				CLANG_WARN_OBJC_LITERAL_CONVERSION = YES;
				CLANG_WARN_OBJC_ROOT_CLASS = YES_ERROR;
				CLANG_WARN_QUOTED_INCLUDE_IN_FRAMEWORK_HEADER = YES;
				CLANG_WARN_RANGE_LOOP_ANALYSIS = YES;
				CLANG_WARN_STRICT_PROTOTYPES = YES;
				CLANG_WARN_SUSPICIOUS_MOVE = YES;
				CLANG_WARN_UNGUARDED_AVAILABILITY = YES_AGGRESSIVE;
				CLANG_WARN_UNREACHABLE_CODE = YES;
				CLANG_WARN__DUPLICATE_METHOD_MATCH = YES;
				COPY_PHASE_STRIP = NO;
				DEBUG_INFORMATION_FORMAT = dwarf;
				ENABLE_STRICT_OBJC_MSGSEND = YES;
				ENABLE_TESTABILITY = YES;
				ENABLE_USER_SCRIPT_SANDBOXING = YES;
				GCC_C_LANGUAGE_STANDARD = gnu11;
				GCC_DYNAMIC_NO_PIC = NO;
				GCC_NO_COMMON_BLOCKS = YES;
				GCC_OPTIMIZATION_LEVEL = 0;
				GCC_PREPROCESSOR_DEFINITIONS = (
					"DEBUG=1",
					"$(inherited)",
				);
				GCC_WARN_64_TO_32_BIT_CONVERSION = YES;
				GCC_WARN_ABOUT_RETURN_TYPE = YES_ERROR;
				GCC_WARN_UNDECLARED_SELECTOR = YES;
				GCC_WARN_UNINITIALIZED_AUTOS = YES_AGGRESSIVE;
				GCC_WARN_UNUSED_FUNCTION = YES;
				GCC_WARN_UNUSED_VARIABLE = YES;
				IPHONEOS_DEPLOYMENT_TARGET = 16.4;
				MTL_ENABLE_DEBUG_INFO = INCLUDE_SOURCE;
				MTL_FAST_MATH = YES;
				ONLY_ACTIVE_ARCH = YES;
				SDKROOT = iphoneos;
				SWIFT_ACTIVE_COMPILATION_CONDITIONS = DEBUG;
				SWIFT_OPTIMIZATION_LEVEL = "-Onone";
			};
			name = Debug;
		};
		5DD6CD992A819C9B008E09BE /* Release */ = {
			isa = XCBuildConfiguration;
			buildSettings = {
				ALWAYS_SEARCH_USER_PATHS = NO;
				CLANG_ANALYZER_NONNULL = YES;
				CLANG_ANALYZER_NUMBER_OBJECT_CONVERSION = YES_AGGRESSIVE;
				CLANG_CXX_LANGUAGE_STANDARD = "gnu++20";
				CLANG_ENABLE_MODULES = YES;
				CLANG_ENABLE_OBJC_ARC = YES;
				CLANG_ENABLE_OBJC_WEAK = YES;
				CLANG_WARN_BLOCK_CAPTURE_AUTORELEASING = YES;
				CLANG_WARN_BOOL_CONVERSION = YES;
				CLANG_WARN_COMMA = YES;
				CLANG_WARN_CONSTANT_CONVERSION = YES;
				CLANG_WARN_DEPRECATED_OBJC_IMPLEMENTATIONS = YES;
				CLANG_WARN_DIRECT_OBJC_ISA_USAGE = YES_ERROR;
				CLANG_WARN_DOCUMENTATION_COMMENTS = YES;
				CLANG_WARN_EMPTY_BODY = YES;
				CLANG_WARN_ENUM_CONVERSION = YES;
				CLANG_WARN_INFINITE_RECURSION = YES;
				CLANG_WARN_INT_CONVERSION = YES;
				CLANG_WARN_NON_LITERAL_NULL_CONVERSION = YES;
				CLANG_WARN_OBJC_IMPLICIT_RETAIN_SELF = YES;
				CLANG_WARN_OBJC_LITERAL_CONVERSION = YES;
				CLANG_WARN_OBJC_ROOT_CLASS = YES_ERROR;
				CLANG_WARN_QUOTED_INCLUDE_IN_FRAMEWORK_HEADER = YES;
				CLANG_WARN_RANGE_LOOP_ANALYSIS = YES;
				CLANG_WARN_STRICT_PROTOTYPES = YES;
				CLANG_WARN_SUSPICIOUS_MOVE = YES;
				CLANG_WARN_UNGUARDED_AVAILABILITY = YES_AGGRESSIVE;
				CLANG_WARN_UNREACHABLE_CODE = YES;
				CLANG_WARN__DUPLICATE_METHOD_MATCH = YES;
				COPY_PHASE_STRIP = NO;
				DEBUG_INFORMATION_FORMAT = "dwarf-with-dsym";
				ENABLE_NS_ASSERTIONS = NO;
				ENABLE_STRICT_OBJC_MSGSEND = YES;
				ENABLE_USER_SCRIPT_SANDBOXING = YES;
				GCC_C_LANGUAGE_STANDARD = gnu11;
				GCC_NO_COMMON_BLOCKS = YES;
				GCC_WARN_64_TO_32_BIT_CONVERSION = YES;
				GCC_WARN_ABOUT_RETURN_TYPE = YES_ERROR;
				GCC_WARN_UNDECLARED_SELECTOR = YES;
				GCC_WARN_UNINITIALIZED_AUTOS = YES_AGGRESSIVE;
				GCC_WARN_UNUSED_FUNCTION = YES;
				GCC_WARN_UNUSED_VARIABLE = YES;
				IPHONEOS_DEPLOYMENT_TARGET = 16.4;
				MTL_ENABLE_DEBUG_INFO = NO;
				MTL_FAST_MATH = YES;
				SDKROOT = iphoneos;
				SWIFT_COMPILATION_MODE = wholemodule;
				SWIFT_OPTIMIZATION_LEVEL = "-O";
				VALIDATE_PRODUCT = YES;
			};
			name = Release;
		};
		5DD6CD9B2A819C9B008E09BE /* Debug */ = {
			isa = XCBuildConfiguration;
			buildSettings = {
				ASSETCATALOG_COMPILER_APPICON_NAME = AppIcon;
				ASSETCATALOG_COMPILER_GLOBAL_ACCENT_COLOR_NAME = AccentColor;
				CODE_SIGN_STYLE = Automatic;
				CURRENT_PROJECT_VERSION = 1;
				DEVELOPMENT_TEAM = TU494R7L4S;
				GENERATE_INFOPLIST_FILE = YES;
				INFOPLIST_FILE = "Netflix Clone/Info.plist";
				INFOPLIST_KEY_UIApplicationSupportsIndirectInputEvents = YES;
				INFOPLIST_KEY_UILaunchStoryboardName = LaunchScreen;
				INFOPLIST_KEY_UISupportedInterfaceOrientations_iPad = "UIInterfaceOrientationPortrait UIInterfaceOrientationPortraitUpsideDown UIInterfaceOrientationLandscapeLeft UIInterfaceOrientationLandscapeRight";
				INFOPLIST_KEY_UISupportedInterfaceOrientations_iPhone = "UIInterfaceOrientationPortrait UIInterfaceOrientationLandscapeLeft UIInterfaceOrientationLandscapeRight";
				LD_RUNPATH_SEARCH_PATHS = (
					"$(inherited)",
					"@executable_path/Frameworks",
				);
				MARKETING_VERSION = 1.0;
				PRODUCT_BUNDLE_IDENTIFIER = "oscarescamilla.Netflix-Clone";
				PRODUCT_NAME = "$(TARGET_NAME)";
				SWIFT_EMIT_LOC_STRINGS = YES;
				SWIFT_VERSION = 5.0;
				TARGETED_DEVICE_FAMILY = "1,2";
			};
			name = Debug;
		};
		5DD6CD9C2A819C9B008E09BE /* Release */ = {
			isa = XCBuildConfiguration;
			buildSettings = {
				ASSETCATALOG_COMPILER_APPICON_NAME = AppIcon;
				ASSETCATALOG_COMPILER_GLOBAL_ACCENT_COLOR_NAME = AccentColor;
				CODE_SIGN_STYLE = Automatic;
				CURRENT_PROJECT_VERSION = 1;
				DEVELOPMENT_TEAM = TU494R7L4S;
				GENERATE_INFOPLIST_FILE = YES;
				INFOPLIST_FILE = "Netflix Clone/Info.plist";
				INFOPLIST_KEY_UIApplicationSupportsIndirectInputEvents = YES;
				INFOPLIST_KEY_UILaunchStoryboardName = LaunchScreen;
				INFOPLIST_KEY_UISupportedInterfaceOrientations_iPad = "UIInterfaceOrientationPortrait UIInterfaceOrientationPortraitUpsideDown UIInterfaceOrientationLandscapeLeft UIInterfaceOrientationLandscapeRight";
				INFOPLIST_KEY_UISupportedInterfaceOrientations_iPhone = "UIInterfaceOrientationPortrait UIInterfaceOrientationLandscapeLeft UIInterfaceOrientationLandscapeRight";
				LD_RUNPATH_SEARCH_PATHS = (
					"$(inherited)",
					"@executable_path/Frameworks",
				);
				MARKETING_VERSION = 1.0;
				PRODUCT_BUNDLE_IDENTIFIER = "oscarescamilla.Netflix-Clone";
				PRODUCT_NAME = "$(TARGET_NAME)";
				SWIFT_EMIT_LOC_STRINGS = YES;
				SWIFT_VERSION = 5.0;
				TARGETED_DEVICE_FAMILY = "1,2";
			};
			name = Release;
		};
/* End XCBuildConfiguration section */

/* Begin XCConfigurationList section */
		5DD6CD812A819C9A008E09BE /* Build configuration list for PBXProject "Netflix Clone" */ = {
			isa = XCConfigurationList;
			buildConfigurations = (
				5DD6CD982A819C9B008E09BE /* Debug */,
				5DD6CD992A819C9B008E09BE /* Release */,
			);
			defaultConfigurationIsVisible = 0;
			defaultConfigurationName = Release;
		};
		5DD6CD9A2A819C9B008E09BE /* Build configuration list for PBXNativeTarget "Netflix Clone" */ = {
			isa = XCConfigurationList;
			buildConfigurations = (
				5DD6CD9B2A819C9B008E09BE /* Debug */,
				5DD6CD9C2A819C9B008E09BE /* Release */,
			);
			defaultConfigurationIsVisible = 0;
			defaultConfigurationName = Release;
		};
/* End XCConfigurationList section */

/* Begin XCRemoteSwiftPackageReference section */
		5D80B9042BF40DBC00F199CB /* XCRemoteSwiftPackageReference "SDWebImage" */ = {
			isa = XCRemoteSwiftPackageReference;
			repositoryURL = "https://github.com/SDWebImage/SDWebImage.git";
			requirement = {
				kind = upToNextMajorVersion;
				minimumVersion = 5.19.2;
			};
		};
/* End XCRemoteSwiftPackageReference section */

/* Begin XCSwiftPackageProductDependency section */
		5D80B9052BF40DBC00F199CB /* SDWebImage */ = {
			isa = XCSwiftPackageProductDependency;
			package = 5D80B9042BF40DBC00F199CB /* XCRemoteSwiftPackageReference "SDWebImage" */;
			productName = SDWebImage;
		};
		5D80B9072BF40DBC00F199CB /* SDWebImageMapKit */ = {
			isa = XCSwiftPackageProductDependency;
			package = 5D80B9042BF40DBC00F199CB /* XCRemoteSwiftPackageReference "SDWebImage" */;
			productName = SDWebImageMapKit;
		};
/* End XCSwiftPackageProductDependency section */
	};
	rootObject = 5DD6CD7E2A819C9A008E09BE /* Project object */;
}
